
Microsoft Visual Studio Solution File, Format Version 12.00
# Visual Studio Version 16
VisualStudioVersion = 16.0.29326.143
MinimumVisualStudioVersion = 10.0.40219.1
Project("{FAE04EC0-301F-11D3-BF4B-00C04F79EFBC}") = "ReadFile", "ReadFile.csproj", "{FCD758E4-31A1-480D-86E9-361790C813E8}"
EndProject
Global
	GlobalSection(SolutionConfigurationPlatforms) = preSolution
		Debug|Any CPU = Debug|Any CPU
		Release|Any CPU = Release|Any CPU
	EndGlobalSection
	GlobalSection(ProjectConfigurationPlatforms) = postSolution
		{FCD758E4-31A1-480D-86E9-361790C813E8}.Debug|Any CPU.ActiveCfg = Debug|Any CPU
		{FCD758E4-31A1-480D-86E9-361790C813E8}.Debug|Any CPU.Build.0 = Debug|Any CPU
		{FCD758E4-31A1-480D-86E9-361790C813E8}.Release|Any CPU.ActiveCfg = Release|Any CPU
		{FCD758E4-31A1-480D-86E9-361790C813E8}.Release|Any CPU.Build.0 = Release|Any CPU
	EndGlobalSection
	GlobalSection(SolutionProperties) = preSolution
		HideSolutionNode = FALSE
	EndGlobalSection
	GlobalSection(ExtensibilityGlobals) = postSolution
		SolutionGuid = {E9CA937B-6573-4136-A4AB-7B987EAC866F}
	EndGlobalSection
EndGlobal
